
Microsoft Visual Studio Solution File, Format Version 12.00
# Visual Studio Version 17
VisualStudioVersion = 17.11.35327.3
MinimumVisualStudioVersion = 10.0.40219.1
Project("{8BC9CEB8-8B4A-11D0-8D11-00A0C91BC942}") = "Практическая работа №3", "Практическая работа №3.vcxproj", "{ED198916-A8F3-4A83-9C7B-F269D0AB9F84}"
EndProject
Global
	GlobalSection(SolutionConfigurationPlatforms) = preSolution
		Debug|x64 = Debug|x64
		Debug|x86 = Debug|x86
		Release|x64 = Release|x64
		Release|x86 = Release|x86
	EndGlobalSection
	GlobalSection(ProjectConfigurationPlatforms) = postSolution
		{ED198916-A8F3-4A83-9C7B-F269D0AB9F84}.Debug|x64.ActiveCfg = Debug|x64
		{ED198916-A8F3-4A83-9C7B-F269D0AB9F84}.Debug|x64.Build.0 = Debug|x64
		{ED198916-A8F3-4A83-9C7B-F269D0AB9F84}.Debug|x86.ActiveCfg = Debug|Win32
		{ED198916-A8F3-4A83-9C7B-F269D0AB9F84}.Debug|x86.Build.0 = Debug|Win32
		{ED198916-A8F3-4A83-9C7B-F269D0AB9F84}.Release|x64.ActiveCfg = Release|x64
		{ED198916-A8F3-4A83-9C7B-F269D0AB9F84}.Release|x64.Build.0 = Release|x64
		{ED198916-A8F3-4A83-9C7B-F269D0AB9F84}.Release|x86.ActiveCfg = Release|Win32
		{ED198916-A8F3-4A83-9C7B-F269D0AB9F84}.Release|x86.Build.0 = Release|Win32
	EndGlobalSection
	GlobalSection(SolutionProperties) = preSolution
		HideSolutionNode = FALSE
	EndGlobalSection
	GlobalSection(ExtensibilityGlobals) = postSolution
		SolutionGuid = {CD7BA312-98D9-40CE-9BCF-6D441BA69FE8}
	EndGlobalSection
EndGlobal
