
Microsoft Visual Studio Solution File, Format Version 12.00
# Visual Studio Version 17
VisualStudioVersion = 17.11.35327.3
MinimumVisualStudioVersion = 10.0.40219.1
Project("{8BC9CEB8-8B4A-11D0-8D11-00A0C91BC942}") = "Практическая работа №2", "Практическая работа №2.vcxproj", "{A3926C16-559A-44E7-B432-C449E127BABA}"
EndProject
Global
	GlobalSection(SolutionConfigurationPlatforms) = preSolution
		Debug|x64 = Debug|x64
		Debug|x86 = Debug|x86
		Release|x64 = Release|x64
		Release|x86 = Release|x86
	EndGlobalSection
	GlobalSection(ProjectConfigurationPlatforms) = postSolution
		{A3926C16-559A-44E7-B432-C449E127BABA}.Debug|x64.ActiveCfg = Debug|x64
		{A3926C16-559A-44E7-B432-C449E127BABA}.Debug|x64.Build.0 = Debug|x64
		{A3926C16-559A-44E7-B432-C449E127BABA}.Debug|x86.ActiveCfg = Debug|Win32
		{A3926C16-559A-44E7-B432-C449E127BABA}.Debug|x86.Build.0 = Debug|Win32
		{A3926C16-559A-44E7-B432-C449E127BABA}.Release|x64.ActiveCfg = Release|x64
		{A3926C16-559A-44E7-B432-C449E127BABA}.Release|x64.Build.0 = Release|x64
		{A3926C16-559A-44E7-B432-C449E127BABA}.Release|x86.ActiveCfg = Release|Win32
		{A3926C16-559A-44E7-B432-C449E127BABA}.Release|x86.Build.0 = Release|Win32
	EndGlobalSection
	GlobalSection(SolutionProperties) = preSolution
		HideSolutionNode = FALSE
	EndGlobalSection
	GlobalSection(ExtensibilityGlobals) = postSolution
		SolutionGuid = {7AA6EF39-EC9D-4DF8-8E13-ACC548E220DF}
	EndGlobalSection
EndGlobal
